
Microsoft Visual Studio Solution File, Format Version 12.00
Project("{FAE04EC0-301F-11D3-BF4B-00C04F79EFBC}") = "aisha", "aisha\aisha.csproj", "{A7A4DC52-5A23-4483-BAAC-857EA02CE396}"
EndProject
Global
	GlobalSection(SolutionConfigurationPlatforms) = preSolution
		Debug|Any CPU = Debug|Any CPU
		Release|Any CPU = Release|Any CPU
	EndGlobalSection
	GlobalSection(ProjectConfigurationPlatforms) = postSolution
		{A7A4DC52-5A23-4483-BAAC-857EA02CE396}.Debug|Any CPU.ActiveCfg = Debug|Any CPU
		{A7A4DC52-5A23-4483-BAAC-857EA02CE396}.Debug|Any CPU.Build.0 = Debug|Any CPU
		{A7A4DC52-5A23-4483-BAAC-857EA02CE396}.Release|Any CPU.ActiveCfg = Release|Any CPU
		{A7A4DC52-5A23-4483-BAAC-857EA02CE396}.Release|Any CPU.Build.0 = Release|Any CPU
	EndGlobalSection
EndGlobal
